// !$*UTF8*$!
{
	archiveVersion = 1;
	classes = {
	};
	objectVersion = 46;
	objects = {

/* Begin PBXBuildFile section */
		A10B53221E4C3DED00E5DCBE /* main.m in Sources */ = {isa = PBXBuildFile; fileRef = A10B53211E4C3DED00E5DCBE /* main.m */; };
		A10B53251E4C3DED00E5DCBE /* AppDelegate.m in Sources */ = {isa = PBXBuildFile; fileRef = A10B53241E4C3DED00E5DCBE /* AppDelegate.m */; };
		A10B53281E4C3DED00E5DCBE /* ViewController.m in Sources */ = {isa = PBXBuildFile; fileRef = A10B53271E4C3DED00E5DCBE /* ViewController.m */; };
		A10B532B1E4C3DED00E5DCBE /* Main.storyboard in Resources */ = {isa = PBXBuildFile; fileRef = A10B53291E4C3DED00E5DCBE /* Main.storyboard */; };
		A10B532D1E4C3DED00E5DCBE /* Assets.xcassets in Resources */ = {isa = PBXBuildFile; fileRef = A10B532C1E4C3DED00E5DCBE /* Assets.xcassets */; };
		A10B53301E4C3DED00E5DCBE /* LaunchScreen.storyboard in Resources */ = {isa = PBXBuildFile; fileRef = A10B532E1E4C3DED00E5DCBE /* LaunchScreen.storyboard */; };
		A10B533B1E4C3DED00E5DCBE /* BoxOptionsTests.m in Sources */ = {isa = PBXBuildFile; fileRef = A10B533A1E4C3DED00E5DCBE /* BoxOptionsTests.m */; };
		A10B53461E4C3DED00E5DCBE /* BoxOptionsUITests.m in Sources */ = {isa = PBXBuildFile; fileRef = A10B53451E4C3DED00E5DCBE /* BoxOptionsUITests.m */; };
		A10B53551E4C3EF900E5DCBE /* BODataManager.m in Sources */ = {isa = PBXBuildFile; fileRef = A10B53541E4C3EF900E5DCBE /* BODataManager.m */; };
		A10B54941E4C40F500E5DCBE /* BOAsset.m in Sources */ = {isa = PBXBuildFile; fileRef = A10B54911E4C40F500E5DCBE /* BOAsset.m */; };
		A10B54951E4C40F500E5DCBE /* BORate.m in Sources */ = {isa = PBXBuildFile; fileRef = A10B54931E4C40F500E5DCBE /* BORate.m */; };
		A10B54981E4C457A00E5DCBE /* libicucore.tbd in Frameworks */ = {isa = PBXBuildFile; fileRef = A10B54971E4C457A00E5DCBE /* libicucore.tbd */; };
		A10B549C1E4C45D000E5DCBE /* BOAssetsTablePresenter.swift in Sources */ = {isa = PBXBuildFile; fileRef = A10B549B1E4C45D000E5DCBE /* BOAssetsTablePresenter.swift */; };
		A10B549E1E4C47E800E5DCBE /* BOAssetsTablePresenter.xib in Resources */ = {isa = PBXBuildFile; fileRef = A10B549D1E4C47E800E5DCBE /* BOAssetsTablePresenter.xib */; };
		A10B54A11E4D567900E5DCBE /* BOGraphView.swift in Sources */ = {isa = PBXBuildFile; fileRef = A10B54A01E4D567900E5DCBE /* BOGraphView.swift */; };
		A10B54A31E4D5C0500E5DCBE /* BOGamePresenter.swift in Sources */ = {isa = PBXBuildFile; fileRef = A10B54A21E4D5C0500E5DCBE /* BOGamePresenter.swift */; };
		A10B54A51E4D5C1D00E5DCBE /* BOGamePresenter.xib in Resources */ = {isa = PBXBuildFile; fileRef = A10B54A41E4D5C1D00E5DCBE /* BOGamePresenter.xib */; };
		A10B54A71E4D994F00E5DCBE /* BOKeyboard.swift in Sources */ = {isa = PBXBuildFile; fileRef = A10B54A61E4D994F00E5DCBE /* BOKeyboard.swift */; };
		A13DBA311E77C18C00922D5E /* Proxima Nova Bold.otf in Resources */ = {isa = PBXBuildFile; fileRef = A13DBA2C1E77C18C00922D5E /* Proxima Nova Bold.otf */; };
		A13DBA321E77C18C00922D5E /* Proxima Nova Light.otf in Resources */ = {isa = PBXBuildFile; fileRef = A13DBA2D1E77C18C00922D5E /* Proxima Nova Light.otf */; };
		A13DBA331E77C18C00922D5E /* Proxima Nova Regular.otf in Resources */ = {isa = PBXBuildFile; fileRef = A13DBA2E1E77C18C00922D5E /* Proxima Nova Regular.otf */; };
		A13DBA341E77C18C00922D5E /* Proxima Nova Semibold.otf in Resources */ = {isa = PBXBuildFile; fileRef = A13DBA2F1E77C18C00922D5E /* Proxima Nova Semibold.otf */; };
		A13DBA351E77C18C00922D5E /* Proxima Nova Thin.otf in Resources */ = {isa = PBXBuildFile; fileRef = A13DBA301E77C18C00922D5E /* Proxima Nova Thin.otf */; };
		A1410BDB1EB1B99300EA9607 /* LWBottomInfoPopup.m in Sources */ = {isa = PBXBuildFile; fileRef = A1410BD81EB1B99300EA9607 /* LWBottomInfoPopup.m */; };
		A1410BDC1EB1B99300EA9607 /* LWCommonButton.m in Sources */ = {isa = PBXBuildFile; fileRef = A1410BDA1EB1B99300EA9607 /* LWCommonButton.m */; };
		A1410BF31EB205A800EA9607 /* data.json in Resources */ = {isa = PBXBuildFile; fileRef = A1410BEE1EB205A800EA9607 /* data.json */; };
		A1410BF41EB205A800EA9607 /* img_0.png in Resources */ = {isa = PBXBuildFile; fileRef = A1410BF01EB205A800EA9607 /* img_0.png */; };
		A1410BF51EB205A800EA9607 /* img_1.png in Resources */ = {isa = PBXBuildFile; fileRef = A1410BF11EB205A800EA9607 /* img_1.png */; };
		A1410BF61EB205A800EA9607 /* img_2.png in Resources */ = {isa = PBXBuildFile; fileRef = A1410BF21EB205A800EA9607 /* img_2.png */; };
		A174FFD31E5451C400EC383F /* NSString+Date.m in Sources */ = {isa = PBXBuildFile; fileRef = A174FFD21E5451C400EC383F /* NSString+Date.m */; };
		A18F440B1EBAF82600C6FB05 /* BOSlider.m in Sources */ = {isa = PBXBuildFile; fileRef = A18F440A1EBAF82600C6FB05 /* BOSlider.m */; };
		A18F44101EBECC1700C6FB05 /* BOCurrentPriceView.swift in Sources */ = {isa = PBXBuildFile; fileRef = A18F440F1EBECC1700C6FB05 /* BOCurrentPriceView.swift */; };
		A1A655B71EDD3AB7005CC7C1 /* BOBetBox.m in Sources */ = {isa = PBXBuildFile; fileRef = A1A655B61EDD3AB7005CC7C1 /* BOBetBox.m */; };
		A1B241231E4E211A008F6913 /* BOFlyingCoin.swift in Sources */ = {isa = PBXBuildFile; fileRef = A1B241221E4E211A008F6913 /* BOFlyingCoin.swift */; };
		A1DC481D1EC05540009E8312 /* BONavigationController.m in Sources */ = {isa = PBXBuildFile; fileRef = A1DC481C1EC05540009E8312 /* BONavigationController.m */; };
		A1E1361E1E826CA1009D1348 /* box_loader.json in Resources */ = {isa = PBXBuildFile; fileRef = A1E1361D1E826CA1009D1348 /* box_loader.json */; };
		A1E136211E826FE2009D1348 /* LWMarginalAssetPairTableViewCell.swift in Sources */ = {isa = PBXBuildFile; fileRef = A1E1361F1E826FE2009D1348 /* LWMarginalAssetPairTableViewCell.swift */; };
		A1E136221E826FE2009D1348 /* LWMarginalAssetPairTableViewCell.xib in Resources */ = {isa = PBXBuildFile; fileRef = A1E136201E826FE2009D1348 /* LWMarginalAssetPairTableViewCell.xib */; };
		A1E136251E8271F5009D1348 /* LWAssetLykkeTableChangeView.m in Sources */ = {isa = PBXBuildFile; fileRef = A1E136241E8271F5009D1348 /* LWAssetLykkeTableChangeView.m */; };
		A1E136281E82743B009D1348 /* UIView+ThinLines.m in Sources */ = {isa = PBXBuildFile; fileRef = A1E136271E82743B009D1348 /* UIView+ThinLines.m */; };
		A1F1C6B41E57FA580095E369 /* BOUtilsView.swift in Sources */ = {isa = PBXBuildFile; fileRef = A1F1C6B31E57FA580095E369 /* BOUtilsView.swift */; };
		A1F1C6B61E5AB0AE0095E369 /* BOHelper.swift in Sources */ = {isa = PBXBuildFile; fileRef = A1F1C6B51E5AB0AE0095E369 /* BOHelper.swift */; };
		B3831D90064B6587BD5A6E06 /* libPods-BoxOptions.a in Frameworks */ = {isa = PBXBuildFile; fileRef = 766BD6BA3CD22BBE328A2836 /* libPods-BoxOptions.a */; };
/* End PBXBuildFile section */

/* Begin PBXContainerItemProxy section */
		A10B53371E4C3DED00E5DCBE /* PBXContainerItemProxy */ = {
			isa = PBXContainerItemProxy;
			containerPortal = A10B53151E4C3DED00E5DCBE /* Project object */;
			proxyType = 1;
			remoteGlobalIDString = A10B531C1E4C3DED00E5DCBE;
			remoteInfo = BoxOptions;
		};
		A10B53421E4C3DED00E5DCBE /* PBXContainerItemProxy */ = {
			isa = PBXContainerItemProxy;
			containerPortal = A10B53151E4C3DED00E5DCBE /* Project object */;
			proxyType = 1;
			remoteGlobalIDString = A10B531C1E4C3DED00E5DCBE;
			remoteInfo = BoxOptions;
		};
/* End PBXContainerItemProxy section */

/* Begin PBXFileReference section */
		1711EC2097662B541C5225BC /* Pods-BoxOptions.release.xcconfig */ = {isa = PBXFileReference; includeInIndex = 1; lastKnownFileType = text.xcconfig; name = "Pods-BoxOptions.release.xcconfig"; path = "Pods/Target Support Files/Pods-BoxOptions/Pods-BoxOptions.release.xcconfig"; sourceTree = "<group>"; };
		761CDBBD82B9C778AD8FFB30 /* Pods-BoxOptions.debug.xcconfig */ = {isa = PBXFileReference; includeInIndex = 1; lastKnownFileType = text.xcconfig; name = "Pods-BoxOptions.debug.xcconfig"; path = "Pods/Target Support Files/Pods-BoxOptions/Pods-BoxOptions.debug.xcconfig"; sourceTree = "<group>"; };
		766BD6BA3CD22BBE328A2836 /* libPods-BoxOptions.a */ = {isa = PBXFileReference; explicitFileType = archive.ar; includeInIndex = 0; path = "libPods-BoxOptions.a"; sourceTree = BUILT_PRODUCTS_DIR; };
		A10B531D1E4C3DED00E5DCBE /* BoxOptions.app */ = {isa = PBXFileReference; explicitFileType = wrapper.application; includeInIndex = 0; path = BoxOptions.app; sourceTree = BUILT_PRODUCTS_DIR; };
		A10B53211E4C3DED00E5DCBE /* main.m */ = {isa = PBXFileReference; lastKnownFileType = sourcecode.c.objc; path = main.m; sourceTree = "<group>"; };
		A10B53231E4C3DED00E5DCBE /* AppDelegate.h */ = {isa = PBXFileReference; lastKnownFileType = sourcecode.c.h; path = AppDelegate.h; sourceTree = "<group>"; };
		A10B53241E4C3DED00E5DCBE /* AppDelegate.m */ = {isa = PBXFileReference; lastKnownFileType = sourcecode.c.objc; path = AppDelegate.m; sourceTree = "<group>"; };
		A10B53261E4C3DED00E5DCBE /* ViewController.h */ = {isa = PBXFileReference; lastKnownFileType = sourcecode.c.h; path = ViewController.h; sourceTree = "<group>"; };
		A10B53271E4C3DED00E5DCBE /* ViewController.m */ = {isa = PBXFileReference; lastKnownFileType = sourcecode.c.objc; path = ViewController.m; sourceTree = "<group>"; };
		A10B532A1E4C3DED00E5DCBE /* Base */ = {isa = PBXFileReference; lastKnownFileType = file.storyboard; name = Base; path = Base.lproj/Main.storyboard; sourceTree = "<group>"; };
		A10B532C1E4C3DED00E5DCBE /* Assets.xcassets */ = {isa = PBXFileReference; lastKnownFileType = folder.assetcatalog; path = Assets.xcassets; sourceTree = "<group>"; };
		A10B532F1E4C3DED00E5DCBE /* Base */ = {isa = PBXFileReference; lastKnownFileType = file.storyboard; name = Base; path = Base.lproj/LaunchScreen.storyboard; sourceTree = "<group>"; };
		A10B53311E4C3DED00E5DCBE /* Info.plist */ = {isa = PBXFileReference; lastKnownFileType = text.plist.xml; path = Info.plist; sourceTree = "<group>"; };
		A10B53361E4C3DED00E5DCBE /* BoxOptionsTests.xctest */ = {isa = PBXFileReference; explicitFileType = wrapper.cfbundle; includeInIndex = 0; path = BoxOptionsTests.xctest; sourceTree = BUILT_PRODUCTS_DIR; };
		A10B533A1E4C3DED00E5DCBE /* BoxOptionsTests.m */ = {isa = PBXFileReference; lastKnownFileType = sourcecode.c.objc; path = BoxOptionsTests.m; sourceTree = "<group>"; };
		A10B533C1E4C3DED00E5DCBE /* Info.plist */ = {isa = PBXFileReference; lastKnownFileType = text.plist.xml; path = Info.plist; sourceTree = "<group>"; };
		A10B53411E4C3DED00E5DCBE /* BoxOptionsUITests.xctest */ = {isa = PBXFileReference; explicitFileType = wrapper.cfbundle; includeInIndex = 0; path = BoxOptionsUITests.xctest; sourceTree = BUILT_PRODUCTS_DIR; };
		A10B53451E4C3DED00E5DCBE /* BoxOptionsUITests.m */ = {isa = PBXFileReference; lastKnownFileType = sourcecode.c.objc; path = BoxOptionsUITests.m; sourceTree = "<group>"; };
		A10B53471E4C3DED00E5DCBE /* Info.plist */ = {isa = PBXFileReference; lastKnownFileType = text.plist.xml; path = Info.plist; sourceTree = "<group>"; };
		A10B53531E4C3EF900E5DCBE /* BODataManager.h */ = {isa = PBXFileReference; fileEncoding = 4; lastKnownFileType = sourcecode.c.h; path = BODataManager.h; sourceTree = "<group>"; };
		A10B53541E4C3EF900E5DCBE /* BODataManager.m */ = {isa = PBXFileReference; fileEncoding = 4; lastKnownFileType = sourcecode.c.objc; path = BODataManager.m; sourceTree = "<group>"; };
		A10B54901E4C40F500E5DCBE /* BOAsset.h */ = {isa = PBXFileReference; fileEncoding = 4; lastKnownFileType = sourcecode.c.h; name = BOAsset.h; path = Models/BOAsset.h; sourceTree = "<group>"; };
		A10B54911E4C40F500E5DCBE /* BOAsset.m */ = {isa = PBXFileReference; fileEncoding = 4; lastKnownFileType = sourcecode.c.objc; name = BOAsset.m; path = Models/BOAsset.m; sourceTree = "<group>"; };
		A10B54921E4C40F500E5DCBE /* BORate.h */ = {isa = PBXFileReference; fileEncoding = 4; lastKnownFileType = sourcecode.c.h; name = BORate.h; path = Models/BORate.h; sourceTree = "<group>"; };
		A10B54931E4C40F500E5DCBE /* BORate.m */ = {isa = PBXFileReference; fileEncoding = 4; lastKnownFileType = sourcecode.c.objc; name = BORate.m; path = Models/BORate.m; sourceTree = "<group>"; };
		A10B54971E4C457A00E5DCBE /* libicucore.tbd */ = {isa = PBXFileReference; lastKnownFileType = "sourcecode.text-based-dylib-definition"; name = libicucore.tbd; path = usr/lib/libicucore.tbd; sourceTree = SDKROOT; };
		A10B549A1E4C45CF00E5DCBE /* BoxOptions-Bridging-Header.h */ = {isa = PBXFileReference; lastKnownFileType = sourcecode.c.h; path = "BoxOptions-Bridging-Header.h"; sourceTree = "<group>"; };
		A10B549B1E4C45D000E5DCBE /* BOAssetsTablePresenter.swift */ = {isa = PBXFileReference; fileEncoding = 4; lastKnownFileType = sourcecode.swift; path = BOAssetsTablePresenter.swift; sourceTree = "<group>"; };
		A10B549D1E4C47E800E5DCBE /* BOAssetsTablePresenter.xib */ = {isa = PBXFileReference; fileEncoding = 4; lastKnownFileType = file.xib; name = BOAssetsTablePresenter.xib; path = Presenters/BOAssetsList/BOAssetsTablePresenter.xib; sourceTree = "<group>"; };
		A10B54A01E4D567900E5DCBE /* BOGraphView.swift */ = {isa = PBXFileReference; fileEncoding = 4; lastKnownFileType = sourcecode.swift; name = BOGraphView.swift; path = Presenters/Graph/BOGraphView.swift; sourceTree = "<group>"; };
		A10B54A21E4D5C0500E5DCBE /* BOGamePresenter.swift */ = {isa = PBXFileReference; fileEncoding = 4; lastKnownFileType = sourcecode.swift; name = BOGamePresenter.swift; path = Presenters/Graph/BOGamePresenter.swift; sourceTree = "<group>"; };
		A10B54A41E4D5C1D00E5DCBE /* BOGamePresenter.xib */ = {isa = PBXFileReference; fileEncoding = 4; lastKnownFileType = file.xib; name = BOGamePresenter.xib; path = Presenters/Graph/BOGamePresenter.xib; sourceTree = "<group>"; };
		A10B54A61E4D994F00E5DCBE /* BOKeyboard.swift */ = {isa = PBXFileReference; fileEncoding = 4; lastKnownFileType = sourcecode.swift; name = BOKeyboard.swift; path = Presenters/KeyBoard/BOKeyboard.swift; sourceTree = "<group>"; };
		A13DBA2C1E77C18C00922D5E /* Proxima Nova Bold.otf */ = {isa = PBXFileReference; lastKnownFileType = file; path = "Proxima Nova Bold.otf"; sourceTree = "<group>"; };
		A13DBA2D1E77C18C00922D5E /* Proxima Nova Light.otf */ = {isa = PBXFileReference; lastKnownFileType = file; path = "Proxima Nova Light.otf"; sourceTree = "<group>"; };
		A13DBA2E1E77C18C00922D5E /* Proxima Nova Regular.otf */ = {isa = PBXFileReference; lastKnownFileType = file; path = "Proxima Nova Regular.otf"; sourceTree = "<group>"; };
		A13DBA2F1E77C18C00922D5E /* Proxima Nova Semibold.otf */ = {isa = PBXFileReference; lastKnownFileType = file; path = "Proxima Nova Semibold.otf"; sourceTree = "<group>"; };
		A13DBA301E77C18C00922D5E /* Proxima Nova Thin.otf */ = {isa = PBXFileReference; lastKnownFileType = file; path = "Proxima Nova Thin.otf"; sourceTree = "<group>"; };
		A1410BD71EB1B99300EA9607 /* LWBottomInfoPopup.h */ = {isa = PBXFileReference; fileEncoding = 4; lastKnownFileType = sourcecode.c.h; path = LWBottomInfoPopup.h; sourceTree = "<group>"; };
		A1410BD81EB1B99300EA9607 /* LWBottomInfoPopup.m */ = {isa = PBXFileReference; fileEncoding = 4; lastKnownFileType = sourcecode.c.objc; path = LWBottomInfoPopup.m; sourceTree = "<group>"; };
		A1410BD91EB1B99300EA9607 /* LWCommonButton.h */ = {isa = PBXFileReference; fileEncoding = 4; lastKnownFileType = sourcecode.c.h; path = LWCommonButton.h; sourceTree = "<group>"; };
		A1410BDA1EB1B99300EA9607 /* LWCommonButton.m */ = {isa = PBXFileReference; fileEncoding = 4; lastKnownFileType = sourcecode.c.objc; path = LWCommonButton.m; sourceTree = "<group>"; };
		A1410BEE1EB205A800EA9607 /* data.json */ = {isa = PBXFileReference; fileEncoding = 4; lastKnownFileType = text.json; path = data.json; sourceTree = "<group>"; };
		A1410BF01EB205A800EA9607 /* img_0.png */ = {isa = PBXFileReference; lastKnownFileType = image.png; path = img_0.png; sourceTree = "<group>"; };
		A1410BF11EB205A800EA9607 /* img_1.png */ = {isa = PBXFileReference; lastKnownFileType = image.png; path = img_1.png; sourceTree = "<group>"; };
		A1410BF21EB205A800EA9607 /* img_2.png */ = {isa = PBXFileReference; lastKnownFileType = image.png; path = img_2.png; sourceTree = "<group>"; };
		A174FFD11E5451C400EC383F /* NSString+Date.h */ = {isa = PBXFileReference; fileEncoding = 4; lastKnownFileType = sourcecode.c.h; path = "NSString+Date.h"; sourceTree = "<group>"; };
		A174FFD21E5451C400EC383F /* NSString+Date.m */ = {isa = PBXFileReference; fileEncoding = 4; lastKnownFileType = sourcecode.c.objc; path = "NSString+Date.m"; sourceTree = "<group>"; };
		A18F44091EBAF82600C6FB05 /* BOSlider.h */ = {isa = PBXFileReference; fileEncoding = 4; lastKnownFileType = sourcecode.c.h; path = BOSlider.h; sourceTree = "<group>"; };
		A18F440A1EBAF82600C6FB05 /* BOSlider.m */ = {isa = PBXFileReference; fileEncoding = 4; lastKnownFileType = sourcecode.c.objc; path = BOSlider.m; sourceTree = "<group>"; };
		A18F440F1EBECC1700C6FB05 /* BOCurrentPriceView.swift */ = {isa = PBXFileReference; fileEncoding = 4; lastKnownFileType = sourcecode.swift; path = BOCurrentPriceView.swift; sourceTree = "<group>"; };
		A1A655B51EDD3AB7005CC7C1 /* BOBetBox.h */ = {isa = PBXFileReference; fileEncoding = 4; lastKnownFileType = sourcecode.c.h; path = BOBetBox.h; sourceTree = "<group>"; };
		A1A655B61EDD3AB7005CC7C1 /* BOBetBox.m */ = {isa = PBXFileReference; fileEncoding = 4; lastKnownFileType = sourcecode.c.objc; path = BOBetBox.m; sourceTree = "<group>"; };
		A1B241221E4E211A008F6913 /* BOFlyingCoin.swift */ = {isa = PBXFileReference; fileEncoding = 4; lastKnownFileType = sourcecode.swift; name = BOFlyingCoin.swift; path = Presenters/Graph/BOFlyingCoin.swift; sourceTree = "<group>"; };
		A1DC481B1EC05540009E8312 /* BONavigationController.h */ = {isa = PBXFileReference; fileEncoding = 4; lastKnownFileType = sourcecode.c.h; path = BONavigationController.h; sourceTree = "<group>"; };
		A1DC481C1EC05540009E8312 /* BONavigationController.m */ = {isa = PBXFileReference; fileEncoding = 4; lastKnownFileType = sourcecode.c.objc; path = BONavigationController.m; sourceTree = "<group>"; };
		A1E1361D1E826CA1009D1348 /* box_loader.json */ = {isa = PBXFileReference; fileEncoding = 4; lastKnownFileType = text.json; path = box_loader.json; sourceTree = "<group>"; };
		A1E1361F1E826FE2009D1348 /* LWMarginalAssetPairTableViewCell.swift */ = {isa = PBXFileReference; fileEncoding = 4; lastKnownFileType = sourcecode.swift; path = LWMarginalAssetPairTableViewCell.swift; sourceTree = "<group>"; };
		A1E136201E826FE2009D1348 /* LWMarginalAssetPairTableViewCell.xib */ = {isa = PBXFileReference; fileEncoding = 4; lastKnownFileType = file.xib; path = LWMarginalAssetPairTableViewCell.xib; sourceTree = "<group>"; };
		A1E136231E8271F5009D1348 /* LWAssetLykkeTableChangeView.h */ = {isa = PBXFileReference; fileEncoding = 4; lastKnownFileType = sourcecode.c.h; path = LWAssetLykkeTableChangeView.h; sourceTree = "<group>"; };
		A1E136241E8271F5009D1348 /* LWAssetLykkeTableChangeView.m */ = {isa = PBXFileReference; fileEncoding = 4; lastKnownFileType = sourcecode.c.objc; path = LWAssetLykkeTableChangeView.m; sourceTree = "<group>"; };
		A1E136261E82743B009D1348 /* UIView+ThinLines.h */ = {isa = PBXFileReference; fileEncoding = 4; lastKnownFileType = sourcecode.c.h; path = "UIView+ThinLines.h"; sourceTree = "<group>"; };
		A1E136271E82743B009D1348 /* UIView+ThinLines.m */ = {isa = PBXFileReference; fileEncoding = 4; lastKnownFileType = sourcecode.c.objc; path = "UIView+ThinLines.m"; sourceTree = "<group>"; };
		A1F1C6B31E57FA580095E369 /* BOUtilsView.swift */ = {isa = PBXFileReference; fileEncoding = 4; lastKnownFileType = sourcecode.swift; name = BOUtilsView.swift; path = Presenters/Utils/BOUtilsView.swift; sourceTree = "<group>"; };
		A1F1C6B51E5AB0AE0095E369 /* BOHelper.swift */ = {isa = PBXFileReference; fileEncoding = 4; lastKnownFileType = sourcecode.swift; name = BOHelper.swift; path = Models/BOHelper.swift; sourceTree = "<group>"; };
/* End PBXFileReference section */

/* Begin PBXFrameworksBuildPhase section */
		A10B531A1E4C3DED00E5DCBE /* Frameworks */ = {
			isa = PBXFrameworksBuildPhase;
			buildActionMask = 2147483647;
			files = (
				A10B54981E4C457A00E5DCBE /* libicucore.tbd in Frameworks */,
				B3831D90064B6587BD5A6E06 /* libPods-BoxOptions.a in Frameworks */,
			);
			runOnlyForDeploymentPostprocessing = 0;
		};
		A10B53331E4C3DED00E5DCBE /* Frameworks */ = {
			isa = PBXFrameworksBuildPhase;
			buildActionMask = 2147483647;
			files = (
			);
			runOnlyForDeploymentPostprocessing = 0;
		};
		A10B533E1E4C3DED00E5DCBE /* Frameworks */ = {
			isa = PBXFrameworksBuildPhase;
			buildActionMask = 2147483647;
			files = (
			);
			runOnlyForDeploymentPostprocessing = 0;
		};
/* End PBXFrameworksBuildPhase section */

/* Begin PBXGroup section */
		88260E101B6D5C9A2508DA93 /* Pods */ = {
			isa = PBXGroup;
			children = (
				761CDBBD82B9C778AD8FFB30 /* Pods-BoxOptions.debug.xcconfig */,
				1711EC2097662B541C5225BC /* Pods-BoxOptions.release.xcconfig */,
			);
			name = Pods;
			sourceTree = "<group>";
		};
		A10B53141E4C3DED00E5DCBE = {
			isa = PBXGroup;
			children = (
				A10B531F1E4C3DED00E5DCBE /* BoxOptions */,
				A10B53391E4C3DED00E5DCBE /* BoxOptionsTests */,
				A10B53441E4C3DED00E5DCBE /* BoxOptionsUITests */,
				A10B531E1E4C3DED00E5DCBE /* Products */,
				A10B54961E4C457A00E5DCBE /* Frameworks */,
				88260E101B6D5C9A2508DA93 /* Pods */,
			);
			sourceTree = "<group>";
		};
		A10B531E1E4C3DED00E5DCBE /* Products */ = {
			isa = PBXGroup;
			children = (
				A10B531D1E4C3DED00E5DCBE /* BoxOptions.app */,
				A10B53361E4C3DED00E5DCBE /* BoxOptionsTests.xctest */,
				A10B53411E4C3DED00E5DCBE /* BoxOptionsUITests.xctest */,
			);
			name = Products;
			sourceTree = "<group>";
		};
		A10B531F1E4C3DED00E5DCBE /* BoxOptions */ = {
			isa = PBXGroup;
			children = (
				A174FFD01E5451B300EC383F /* Utils */,
				A10B548F1E4C40B000E5DCBE /* Models */,
				A10B53231E4C3DED00E5DCBE /* AppDelegate.h */,
				A10B53241E4C3DED00E5DCBE /* AppDelegate.m */,
				A10B53261E4C3DED00E5DCBE /* ViewController.h */,
				A10B53271E4C3DED00E5DCBE /* ViewController.m */,
				A10B53531E4C3EF900E5DCBE /* BODataManager.h */,
				A10B53541E4C3EF900E5DCBE /* BODataManager.m */,
				A10B549F1E4CB90D00E5DCBE /* Game */,
				A10B54991E4C45B200E5DCBE /* BOAssetsList */,
				A10B53291E4C3DED00E5DCBE /* Main.storyboard */,
				A10B532C1E4C3DED00E5DCBE /* Assets.xcassets */,
				A10B532E1E4C3DED00E5DCBE /* LaunchScreen.storyboard */,
				A10B53311E4C3DED00E5DCBE /* Info.plist */,
				A10B549A1E4C45CF00E5DCBE /* BoxOptions-Bridging-Header.h */,
				A1E1361D1E826CA1009D1348 /* box_loader.json */,
				A1410BEE1EB205A800EA9607 /* data.json */,
				A1410BEF1EB205A800EA9607 /* images */,
				A13DBA361E77C19300922D5E /* Fonts */,
				A10B53201E4C3DED00E5DCBE /* Supporting Files */,
			);
			path = BoxOptions;
			sourceTree = "<group>";
		};
		A10B53201E4C3DED00E5DCBE /* Supporting Files */ = {
			isa = PBXGroup;
			children = (
				A10B53211E4C3DED00E5DCBE /* main.m */,
			);
			name = "Supporting Files";
			sourceTree = "<group>";
		};
		A10B53391E4C3DED00E5DCBE /* BoxOptionsTests */ = {
			isa = PBXGroup;
			children = (
				A10B533A1E4C3DED00E5DCBE /* BoxOptionsTests.m */,
				A10B533C1E4C3DED00E5DCBE /* Info.plist */,
			);
			path = BoxOptionsTests;
			sourceTree = "<group>";
		};
		A10B53441E4C3DED00E5DCBE /* BoxOptionsUITests */ = {
			isa = PBXGroup;
			children = (
				A10B53451E4C3DED00E5DCBE /* BoxOptionsUITests.m */,
				A10B53471E4C3DED00E5DCBE /* Info.plist */,
			);
			path = BoxOptionsUITests;
			sourceTree = "<group>";
		};
		A10B548F1E4C40B000E5DCBE /* Models */ = {
			isa = PBXGroup;
			children = (
				A10B54901E4C40F500E5DCBE /* BOAsset.h */,
				A10B54911E4C40F500E5DCBE /* BOAsset.m */,
				A10B54921E4C40F500E5DCBE /* BORate.h */,
				A10B54931E4C40F500E5DCBE /* BORate.m */,
				A1A655B51EDD3AB7005CC7C1 /* BOBetBox.h */,
				A1A655B61EDD3AB7005CC7C1 /* BOBetBox.m */,
			);
			name = Models;
			sourceTree = "<group>";
		};
		A10B54961E4C457A00E5DCBE /* Frameworks */ = {
			isa = PBXGroup;
			children = (
				A10B54971E4C457A00E5DCBE /* libicucore.tbd */,
				766BD6BA3CD22BBE328A2836 /* libPods-BoxOptions.a */,
			);
			name = Frameworks;
			sourceTree = "<group>";
		};
		A10B54991E4C45B200E5DCBE /* BOAssetsList */ = {
			isa = PBXGroup;
			children = (
				A10B549B1E4C45D000E5DCBE /* BOAssetsTablePresenter.swift */,
				A10B549D1E4C47E800E5DCBE /* BOAssetsTablePresenter.xib */,
				A1E1361F1E826FE2009D1348 /* LWMarginalAssetPairTableViewCell.swift */,
				A1E136201E826FE2009D1348 /* LWMarginalAssetPairTableViewCell.xib */,
				A1E136231E8271F5009D1348 /* LWAssetLykkeTableChangeView.h */,
				A1E136241E8271F5009D1348 /* LWAssetLykkeTableChangeView.m */,
			);
			name = BOAssetsList;
			sourceTree = "<group>";
		};
		A10B549F1E4CB90D00E5DCBE /* Game */ = {
			isa = PBXGroup;
			children = (
				A10B54A01E4D567900E5DCBE /* BOGraphView.swift */,
				A10B54A21E4D5C0500E5DCBE /* BOGamePresenter.swift */,
				A10B54A61E4D994F00E5DCBE /* BOKeyboard.swift */,
				A1B241221E4E211A008F6913 /* BOFlyingCoin.swift */,
				A1F1C6B31E57FA580095E369 /* BOUtilsView.swift */,
				A10B54A41E4D5C1D00E5DCBE /* BOGamePresenter.xib */,
				A1F1C6B51E5AB0AE0095E369 /* BOHelper.swift */,
				A18F440F1EBECC1700C6FB05 /* BOCurrentPriceView.swift */,
			);
			name = Game;
			sourceTree = "<group>";
		};
		A13DBA361E77C19300922D5E /* Fonts */ = {
			isa = PBXGroup;
			children = (
				A13DBA2C1E77C18C00922D5E /* Proxima Nova Bold.otf */,
				A13DBA2D1E77C18C00922D5E /* Proxima Nova Light.otf */,
				A13DBA2E1E77C18C00922D5E /* Proxima Nova Regular.otf */,
				A13DBA2F1E77C18C00922D5E /* Proxima Nova Semibold.otf */,
				A13DBA301E77C18C00922D5E /* Proxima Nova Thin.otf */,
			);
			name = Fonts;
			sourceTree = "<group>";
		};
		A1410BEF1EB205A800EA9607 /* images */ = {
			isa = PBXGroup;
			children = (
				A1410BF01EB205A800EA9607 /* img_0.png */,
				A1410BF11EB205A800EA9607 /* img_1.png */,
				A1410BF21EB205A800EA9607 /* img_2.png */,
			);
			path = images;
			sourceTree = "<group>";
		};
		A174FFD01E5451B300EC383F /* Utils */ = {
			isa = PBXGroup;
			children = (
				A174FFD11E5451C400EC383F /* NSString+Date.h */,
				A174FFD21E5451C400EC383F /* NSString+Date.m */,
				A1E136261E82743B009D1348 /* UIView+ThinLines.h */,
				A1E136271E82743B009D1348 /* UIView+ThinLines.m */,
				A1410BD71EB1B99300EA9607 /* LWBottomInfoPopup.h */,
				A1410BD81EB1B99300EA9607 /* LWBottomInfoPopup.m */,
				A1410BD91EB1B99300EA9607 /* LWCommonButton.h */,
				A1410BDA1EB1B99300EA9607 /* LWCommonButton.m */,
				A18F44091EBAF82600C6FB05 /* BOSlider.h */,
				A18F440A1EBAF82600C6FB05 /* BOSlider.m */,
				A1DC481B1EC05540009E8312 /* BONavigationController.h */,
				A1DC481C1EC05540009E8312 /* BONavigationController.m */,
			);
			name = Utils;
			sourceTree = "<group>";
		};
/* End PBXGroup section */

/* Begin PBXNativeTarget section */
		A10B531C1E4C3DED00E5DCBE /* BoxOptions */ = {
			isa = PBXNativeTarget;
			buildConfigurationList = A10B534A1E4C3DED00E5DCBE /* Build configuration list for PBXNativeTarget "BoxOptions" */;
			buildPhases = (
				EB3E12ABF78AAFBAF6B82EAD /* [CP] Check Pods Manifest.lock */,
				A10B53191E4C3DED00E5DCBE /* Sources */,
				A10B531A1E4C3DED00E5DCBE /* Frameworks */,
				A10B531B1E4C3DED00E5DCBE /* Resources */,
				B5A6D758F1FE96404771E1CA /* [CP] Embed Pods Frameworks */,
				1BE51D5F40302063D0509F02 /* [CP] Copy Pods Resources */,
			);
			buildRules = (
			);
			dependencies = (
			);
			name = BoxOptions;
			productName = BoxOptions;
			productReference = A10B531D1E4C3DED00E5DCBE /* BoxOptions.app */;
			productType = "com.apple.product-type.application";
		};
		A10B53351E4C3DED00E5DCBE /* BoxOptionsTests */ = {
			isa = PBXNativeTarget;
			buildConfigurationList = A10B534D1E4C3DED00E5DCBE /* Build configuration list for PBXNativeTarget "BoxOptionsTests" */;
			buildPhases = (
				A10B53321E4C3DED00E5DCBE /* Sources */,
				A10B53331E4C3DED00E5DCBE /* Frameworks */,
				A10B53341E4C3DED00E5DCBE /* Resources */,
			);
			buildRules = (
			);
			dependencies = (
				A10B53381E4C3DED00E5DCBE /* PBXTargetDependency */,
			);
			name = BoxOptionsTests;
			productName = BoxOptionsTests;
			productReference = A10B53361E4C3DED00E5DCBE /* BoxOptionsTests.xctest */;
			productType = "com.apple.product-type.bundle.unit-test";
		};
		A10B53401E4C3DED00E5DCBE /* BoxOptionsUITests */ = {
			isa = PBXNativeTarget;
			buildConfigurationList = A10B53501E4C3DED00E5DCBE /* Build configuration list for PBXNativeTarget "BoxOptionsUITests" */;
			buildPhases = (
				A10B533D1E4C3DED00E5DCBE /* Sources */,
				A10B533E1E4C3DED00E5DCBE /* Frameworks */,
				A10B533F1E4C3DED00E5DCBE /* Resources */,
			);
			buildRules = (
			);
			dependencies = (
				A10B53431E4C3DED00E5DCBE /* PBXTargetDependency */,
			);
			name = BoxOptionsUITests;
			productName = BoxOptionsUITests;
			productReference = A10B53411E4C3DED00E5DCBE /* BoxOptionsUITests.xctest */;
			productType = "com.apple.product-type.bundle.ui-testing";
		};
/* End PBXNativeTarget section */

/* Begin PBXProject section */
		A10B53151E4C3DED00E5DCBE /* Project object */ = {
			isa = PBXProject;
			attributes = {
				LastUpgradeCheck = 0820;
				ORGANIZATIONNAME = "Andrey Snetkov";
				TargetAttributes = {
					A10B531C1E4C3DED00E5DCBE = {
						CreatedOnToolsVersion = 8.2.1;
						LastSwiftMigration = 0820;
						ProvisioningStyle = Manual;
					};
					A10B53351E4C3DED00E5DCBE = {
						CreatedOnToolsVersion = 8.2.1;
						DevelopmentTeam = MNZ5M7YPQV;
						ProvisioningStyle = Automatic;
						TestTargetID = A10B531C1E4C3DED00E5DCBE;
					};
					A10B53401E4C3DED00E5DCBE = {
						CreatedOnToolsVersion = 8.2.1;
						DevelopmentTeam = MNZ5M7YPQV;
						ProvisioningStyle = Automatic;
						TestTargetID = A10B531C1E4C3DED00E5DCBE;
					};
				};
			};
			buildConfigurationList = A10B53181E4C3DED00E5DCBE /* Build configuration list for PBXProject "BoxOptions" */;
			compatibilityVersion = "Xcode 3.2";
			developmentRegion = English;
			hasScannedForEncodings = 0;
			knownRegions = (
				en,
				Base,
			);
			mainGroup = A10B53141E4C3DED00E5DCBE;
			productRefGroup = A10B531E1E4C3DED00E5DCBE /* Products */;
			projectDirPath = "";
			projectRoot = "";
			targets = (
				A10B531C1E4C3DED00E5DCBE /* BoxOptions */,
				A10B53351E4C3DED00E5DCBE /* BoxOptionsTests */,
				A10B53401E4C3DED00E5DCBE /* BoxOptionsUITests */,
			);
		};
/* End PBXProject section */

/* Begin PBXResourcesBuildPhase section */
		A10B531B1E4C3DED00E5DCBE /* Resources */ = {
			isa = PBXResourcesBuildPhase;
			buildActionMask = 2147483647;
			files = (
				A13DBA311E77C18C00922D5E /* Proxima Nova Bold.otf in Resources */,
				A1410BF51EB205A800EA9607 /* img_1.png in Resources */,
				A10B53301E4C3DED00E5DCBE /* LaunchScreen.storyboard in Resources */,
				A1410BF31EB205A800EA9607 /* data.json in Resources */,
				A1E136221E826FE2009D1348 /* LWMarginalAssetPairTableViewCell.xib in Resources */,
				A1410BF61EB205A800EA9607 /* img_2.png in Resources */,
				A10B532D1E4C3DED00E5DCBE /* Assets.xcassets in Resources */,
				A13DBA321E77C18C00922D5E /* Proxima Nova Light.otf in Resources */,
				A13DBA351E77C18C00922D5E /* Proxima Nova Thin.otf in Resources */,
				A10B532B1E4C3DED00E5DCBE /* Main.storyboard in Resources */,
				A13DBA331E77C18C00922D5E /* Proxima Nova Regular.otf in Resources */,
				A13DBA341E77C18C00922D5E /* Proxima Nova Semibold.otf in Resources */,
				A10B549E1E4C47E800E5DCBE /* BOAssetsTablePresenter.xib in Resources */,
				A1410BF41EB205A800EA9607 /* img_0.png in Resources */,
				A1E1361E1E826CA1009D1348 /* box_loader.json in Resources */,
				A10B54A51E4D5C1D00E5DCBE /* BOGamePresenter.xib in Resources */,
			);
			runOnlyForDeploymentPostprocessing = 0;
		};
		A10B53341E4C3DED00E5DCBE /* Resources */ = {
			isa = PBXResourcesBuildPhase;
			buildActionMask = 2147483647;
			files = (
			);
			runOnlyForDeploymentPostprocessing = 0;
		};
		A10B533F1E4C3DED00E5DCBE /* Resources */ = {
			isa = PBXResourcesBuildPhase;
			buildActionMask = 2147483647;
			files = (
			);
			runOnlyForDeploymentPostprocessing = 0;
		};
/* End PBXResourcesBuildPhase section */

/* Begin PBXShellScriptBuildPhase section */
		1BE51D5F40302063D0509F02 /* [CP] Copy Pods Resources */ = {
			isa = PBXShellScriptBuildPhase;
			buildActionMask = 2147483647;
			files = (
			);
			inputPaths = (
			);
			name = "[CP] Copy Pods Resources";
			outputPaths = (
			);
			runOnlyForDeploymentPostprocessing = 0;
			shellPath = /bin/sh;
			shellScript = "\"${SRCROOT}/Pods/Target Support Files/Pods-BoxOptions/Pods-BoxOptions-resources.sh\"\n";
			showEnvVarsInLog = 0;
		};
		B5A6D758F1FE96404771E1CA /* [CP] Embed Pods Frameworks */ = {
			isa = PBXShellScriptBuildPhase;
			buildActionMask = 2147483647;
			files = (
			);
			inputPaths = (
			);
			name = "[CP] Embed Pods Frameworks";
			outputPaths = (
			);
			runOnlyForDeploymentPostprocessing = 0;
			shellPath = /bin/sh;
			shellScript = "\"${SRCROOT}/Pods/Target Support Files/Pods-BoxOptions/Pods-BoxOptions-frameworks.sh\"\n";
			showEnvVarsInLog = 0;
		};
		EB3E12ABF78AAFBAF6B82EAD /* [CP] Check Pods Manifest.lock */ = {
			isa = PBXShellScriptBuildPhase;
			buildActionMask = 2147483647;
			files = (
			);
			inputPaths = (
			);
			name = "[CP] Check Pods Manifest.lock";
			outputPaths = (
			);
			runOnlyForDeploymentPostprocessing = 0;
			shellPath = /bin/sh;
			shellScript = "diff \"${PODS_ROOT}/../Podfile.lock\" \"${PODS_ROOT}/Manifest.lock\" > /dev/null\nif [[ $? != 0 ]] ; then\n    cat << EOM\nerror: The sandbox is not in sync with the Podfile.lock. Run 'pod install' or update your CocoaPods installation.\nEOM\n    exit 1\nfi\n";
			showEnvVarsInLog = 0;
		};
/* End PBXShellScriptBuildPhase section */

/* Begin PBXSourcesBuildPhase section */
		A10B53191E4C3DED00E5DCBE /* Sources */ = {
			isa = PBXSourcesBuildPhase;
			buildActionMask = 2147483647;
			files = (
				A1DC481D1EC05540009E8312 /* BONavigationController.m in Sources */,
				A1E136281E82743B009D1348 /* UIView+ThinLines.m in Sources */,
				A1F1C6B41E57FA580095E369 /* BOUtilsView.swift in Sources */,
				A1410BDB1EB1B99300EA9607 /* LWBottomInfoPopup.m in Sources */,
				A1E136251E8271F5009D1348 /* LWAssetLykkeTableChangeView.m in Sources */,
				A10B54A71E4D994F00E5DCBE /* BOKeyboard.swift in Sources */,
				A1E136211E826FE2009D1348 /* LWMarginalAssetPairTableViewCell.swift in Sources */,
				A10B54941E4C40F500E5DCBE /* BOAsset.m in Sources */,
				A1A655B71EDD3AB7005CC7C1 /* BOBetBox.m in Sources */,
				A1B241231E4E211A008F6913 /* BOFlyingCoin.swift in Sources */,
				A10B53551E4C3EF900E5DCBE /* BODataManager.m in Sources */,
				A18F440B1EBAF82600C6FB05 /* BOSlider.m in Sources */,
				A10B53281E4C3DED00E5DCBE /* ViewController.m in Sources */,
				A10B54951E4C40F500E5DCBE /* BORate.m in Sources */,
				A10B53251E4C3DED00E5DCBE /* AppDelegate.m in Sources */,
				A1F1C6B61E5AB0AE0095E369 /* BOHelper.swift in Sources */,
				A10B54A11E4D567900E5DCBE /* BOGraphView.swift in Sources */,
				A1410BDC1EB1B99300EA9607 /* LWCommonButton.m in Sources */,
				A10B53221E4C3DED00E5DCBE /* main.m in Sources */,
				A10B549C1E4C45D000E5DCBE /* BOAssetsTablePresenter.swift in Sources */,
				A10B54A31E4D5C0500E5DCBE /* BOGamePresenter.swift in Sources */,
				A18F44101EBECC1700C6FB05 /* BOCurrentPriceView.swift in Sources */,
				A174FFD31E5451C400EC383F /* NSString+Date.m in Sources */,
			);
			runOnlyForDeploymentPostprocessing = 0;
		};
		A10B53321E4C3DED00E5DCBE /* Sources */ = {
			isa = PBXSourcesBuildPhase;
			buildActionMask = 2147483647;
			files = (
				A10B533B1E4C3DED00E5DCBE /* BoxOptionsTests.m in Sources */,
			);
			runOnlyForDeploymentPostprocessing = 0;
		};
		A10B533D1E4C3DED00E5DCBE /* Sources */ = {
			isa = PBXSourcesBuildPhase;
			buildActionMask = 2147483647;
			files = (
				A10B53461E4C3DED00E5DCBE /* BoxOptionsUITests.m in Sources */,
			);
			runOnlyForDeploymentPostprocessing = 0;
		};
/* End PBXSourcesBuildPhase section */

/* Begin PBXTargetDependency section */
		A10B53381E4C3DED00E5DCBE /* PBXTargetDependency */ = {
			isa = PBXTargetDependency;
			target = A10B531C1E4C3DED00E5DCBE /* BoxOptions */;
			targetProxy = A10B53371E4C3DED00E5DCBE /* PBXContainerItemProxy */;
		};
		A10B53431E4C3DED00E5DCBE /* PBXTargetDependency */ = {
			isa = PBXTargetDependency;
			target = A10B531C1E4C3DED00E5DCBE /* BoxOptions */;
			targetProxy = A10B53421E4C3DED00E5DCBE /* PBXContainerItemProxy */;
		};
/* End PBXTargetDependency section */

/* Begin PBXVariantGroup section */
		A10B53291E4C3DED00E5DCBE /* Main.storyboard */ = {
			isa = PBXVariantGroup;
			children = (
				A10B532A1E4C3DED00E5DCBE /* Base */,
			);
			name = Main.storyboard;
			sourceTree = "<group>";
		};
		A10B532E1E4C3DED00E5DCBE /* LaunchScreen.storyboard */ = {
			isa = PBXVariantGroup;
			children = (
				A10B532F1E4C3DED00E5DCBE /* Base */,
			);
			name = LaunchScreen.storyboard;
			sourceTree = "<group>";
		};
/* End PBXVariantGroup section */

/* Begin XCBuildConfiguration section */
		A10B53481E4C3DED00E5DCBE /* Debug */ = {
			isa = XCBuildConfiguration;
			buildSettings = {
				ALWAYS_SEARCH_USER_PATHS = NO;
				CLANG_ANALYZER_NONNULL = YES;
				CLANG_CXX_LANGUAGE_STANDARD = "gnu++0x";
				CLANG_CXX_LIBRARY = "libc++";
				CLANG_ENABLE_MODULES = YES;
				CLANG_ENABLE_OBJC_ARC = YES;
				CLANG_WARN_BOOL_CONVERSION = YES;
				CLANG_WARN_CONSTANT_CONVERSION = YES;
				CLANG_WARN_DIRECT_OBJC_ISA_USAGE = YES_ERROR;
				CLANG_WARN_DOCUMENTATION_COMMENTS = YES;
				CLANG_WARN_EMPTY_BODY = YES;
				CLANG_WARN_ENUM_CONVERSION = YES;
				CLANG_WARN_INFINITE_RECURSION = YES;
				CLANG_WARN_INT_CONVERSION = YES;
				CLANG_WARN_OBJC_ROOT_CLASS = YES_ERROR;
				CLANG_WARN_SUSPICIOUS_MOVE = YES;
				CLANG_WARN_UNREACHABLE_CODE = YES;
				CLANG_WARN__DUPLICATE_METHOD_MATCH = YES;
				"CODE_SIGN_IDENTITY[sdk=iphoneos*]" = "iPhone Developer";
				COPY_PHASE_STRIP = NO;
				DEBUG_INFORMATION_FORMAT = dwarf;
				ENABLE_STRICT_OBJC_MSGSEND = YES;
				ENABLE_TESTABILITY = YES;
				GCC_C_LANGUAGE_STANDARD = gnu99;
				GCC_DYNAMIC_NO_PIC = NO;
				GCC_NO_COMMON_BLOCKS = YES;
				GCC_OPTIMIZATION_LEVEL = 0;
				GCC_PREPROCESSOR_DEFINITIONS = (
					"DEBUG=1",
					"$(inherited)",
				);
				GCC_WARN_64_TO_32_BIT_CONVERSION = YES;
				GCC_WARN_ABOUT_RETURN_TYPE = YES_ERROR;
				GCC_WARN_UNDECLARED_SELECTOR = YES;
				GCC_WARN_UNINITIALIZED_AUTOS = YES_AGGRESSIVE;
				GCC_WARN_UNUSED_FUNCTION = YES;
				GCC_WARN_UNUSED_VARIABLE = YES;
				IPHONEOS_DEPLOYMENT_TARGET = 10.2;
				MTL_ENABLE_DEBUG_INFO = YES;
				ONLY_ACTIVE_ARCH = YES;
				SDKROOT = iphoneos;
				TARGETED_DEVICE_FAMILY = "1,2";
			};
			name = Debug;
		};
		A10B53491E4C3DED00E5DCBE /* Release */ = {
			isa = XCBuildConfiguration;
			buildSettings = {
				ALWAYS_SEARCH_USER_PATHS = NO;
				CLANG_ANALYZER_NONNULL = YES;
				CLANG_CXX_LANGUAGE_STANDARD = "gnu++0x";
				CLANG_CXX_LIBRARY = "libc++";
				CLANG_ENABLE_MODULES = YES;
				CLANG_ENABLE_OBJC_ARC = YES;
				CLANG_WARN_BOOL_CONVERSION = YES;
				CLANG_WARN_CONSTANT_CONVERSION = YES;
				CLANG_WARN_DIRECT_OBJC_ISA_USAGE = YES_ERROR;
				CLANG_WARN_DOCUMENTATION_COMMENTS = YES;
				CLANG_WARN_EMPTY_BODY = YES;
				CLANG_WARN_ENUM_CONVERSION = YES;
				CLANG_WARN_INFINITE_RECURSION = YES;
				CLANG_WARN_INT_CONVERSION = YES;
				CLANG_WARN_OBJC_ROOT_CLASS = YES_ERROR;
				CLANG_WARN_SUSPICIOUS_MOVE = YES;
				CLANG_WARN_UNREACHABLE_CODE = YES;
				CLANG_WARN__DUPLICATE_METHOD_MATCH = YES;
				"CODE_SIGN_IDENTITY[sdk=iphoneos*]" = "iPhone Developer";
				COPY_PHASE_STRIP = NO;
				DEBUG_INFORMATION_FORMAT = "dwarf-with-dsym";
				ENABLE_NS_ASSERTIONS = NO;
				ENABLE_STRICT_OBJC_MSGSEND = YES;
				GCC_C_LANGUAGE_STANDARD = gnu99;
				GCC_NO_COMMON_BLOCKS = YES;
				GCC_WARN_64_TO_32_BIT_CONVERSION = YES;
				GCC_WARN_ABOUT_RETURN_TYPE = YES_ERROR;
				GCC_WARN_UNDECLARED_SELECTOR = YES;
				GCC_WARN_UNINITIALIZED_AUTOS = YES_AGGRESSIVE;
				GCC_WARN_UNUSED_FUNCTION = YES;
				GCC_WARN_UNUSED_VARIABLE = YES;
				IPHONEOS_DEPLOYMENT_TARGET = 10.2;
				MTL_ENABLE_DEBUG_INFO = NO;
				SDKROOT = iphoneos;
				TARGETED_DEVICE_FAMILY = "1,2";
				VALIDATE_PRODUCT = YES;
			};
			name = Release;
		};
		A10B534B1E4C3DED00E5DCBE /* Debug */ = {
			isa = XCBuildConfiguration;
			baseConfigurationReference = 761CDBBD82B9C778AD8FFB30 /* Pods-BoxOptions.debug.xcconfig */;
			buildSettings = {
				ASSETCATALOG_COMPILER_APPICON_NAME = AppIcon;
				CLANG_ENABLE_MODULES = YES;
				"CODE_SIGN_IDENTITY[sdk=iphoneos*]" = "iPhone Developer: Andrey Snetkov (G246P4BT76)";
				DEVELOPMENT_TEAM = "";
				HEADER_SEARCH_PATHS = (
					"$(inherited)",
					"\"${PODS_ROOT}/Headers/Public\"/**",
					"\"${PODS_ROOT}/Headers/Public/lottie-ios\"/**",
				);
				INFOPLIST_FILE = BoxOptions/Info.plist;
				IPHONEOS_DEPLOYMENT_TARGET = 9.0;
				LD_RUNPATH_SEARCH_PATHS = "$(inherited) @executable_path/Frameworks";
				PRODUCT_BUNDLE_IDENTIFIER = com.lykkex.BoxOptions;
				PRODUCT_NAME = "$(TARGET_NAME)";
				PROVISIONING_PROFILE = "766b62d8-b7d1-4891-8cf2-69e4adc5488d";
				PROVISIONING_PROFILE_SPECIFIER = "BoxOptions-development2";
				SWIFT_OBJC_BRIDGING_HEADER = "BoxOptions/BoxOptions-Bridging-Header.h";
				SWIFT_OPTIMIZATION_LEVEL = "-Onone";
				SWIFT_VERSION = 3.0;
				TARGETED_DEVICE_FAMILY = 1;
			};
			name = Debug;
		};
		A10B534C1E4C3DED00E5DCBE /* Release */ = {
			isa = XCBuildConfiguration;
			baseConfigurationReference = 1711EC2097662B541C5225BC /* Pods-BoxOptions.release.xcconfig */;
			buildSettings = {
				ASSETCATALOG_COMPILER_APPICON_NAME = AppIcon;
				CLANG_ENABLE_MODULES = YES;
				CODE_SIGN_IDENTITY = "iPhone Distribution: Lykke Corp (MNZ5M7YPQV)";
				DEVELOPMENT_TEAM = "";
				HEADER_SEARCH_PATHS = (
					"$(inherited)",
					"\"${PODS_ROOT}/Headers/Public\"/**",
					"\"${PODS_ROOT}/Headers/Public/lottie-ios\"/**",
				);
				INFOPLIST_FILE = BoxOptions/Info.plist;
				IPHONEOS_DEPLOYMENT_TARGET = 9.0;
				LD_RUNPATH_SEARCH_PATHS = "$(inherited) @executable_path/Frameworks";
				PRODUCT_BUNDLE_IDENTIFIER = com.lykkex.BoxOptions;
				PRODUCT_NAME = "$(TARGET_NAME)";
				PROVISIONING_PROFILE = "e07205f1-ceed-45dc-8b51-57821338ef9f";
				PROVISIONING_PROFILE_SPECIFIER = "BoxOptions-Adhoc8";
				SWIFT_OBJC_BRIDGING_HEADER = "BoxOptions/BoxOptions-Bridging-Header.h";
				SWIFT_VERSION = 3.0;
				TARGETED_DEVICE_FAMILY = 1;
			};
			name = Release;
		};
		A10B534E1E4C3DED00E5DCBE /* Debug */ = {
			isa = XCBuildConfiguration;
			buildSettings = {
				ALWAYS_EMBED_SWIFT_STANDARD_LIBRARIES = YES;
				BUNDLE_LOADER = "$(TEST_HOST)";
				DEVELOPMENT_TEAM = MNZ5M7YPQV;
				INFOPLIST_FILE = BoxOptionsTests/Info.plist;
				LD_RUNPATH_SEARCH_PATHS = "$(inherited) @executable_path/Frameworks @loader_path/Frameworks";
				PRODUCT_BUNDLE_IDENTIFIER = com.lykkex.BoxOptionsTests;
				PRODUCT_NAME = "$(TARGET_NAME)";
				TEST_HOST = "$(BUILT_PRODUCTS_DIR)/BoxOptions.app/BoxOptions";
			};
			name = Debug;
		};
		A10B534F1E4C3DED00E5DCBE /* Release */ = {
			isa = XCBuildConfiguration;
			buildSettings = {
				ALWAYS_EMBED_SWIFT_STANDARD_LIBRARIES = YES;
				BUNDLE_LOADER = "$(TEST_HOST)";
				DEVELOPMENT_TEAM = MNZ5M7YPQV;
				INFOPLIST_FILE = BoxOptionsTests/Info.plist;
				LD_RUNPATH_SEARCH_PATHS = "$(inherited) @executable_path/Frameworks @loader_path/Frameworks";
				PRODUCT_BUNDLE_IDENTIFIER = com.lykkex.BoxOptionsTests;
				PRODUCT_NAME = "$(TARGET_NAME)";
				TEST_HOST = "$(BUILT_PRODUCTS_DIR)/BoxOptions.app/BoxOptions";
			};
			name = Release;
		};
		A10B53511E4C3DED00E5DCBE /* Debug */ = {
			isa = XCBuildConfiguration;
			buildSettings = {
				ALWAYS_EMBED_SWIFT_STANDARD_LIBRARIES = YES;
				DEVELOPMENT_TEAM = MNZ5M7YPQV;
				INFOPLIST_FILE = BoxOptionsUITests/Info.plist;
				LD_RUNPATH_SEARCH_PATHS = "$(inherited) @executable_path/Frameworks @loader_path/Frameworks";
				PRODUCT_BUNDLE_IDENTIFIER = com.lykkex.BoxOptionsUITests;
				PRODUCT_NAME = "$(TARGET_NAME)";
				TEST_TARGET_NAME = BoxOptions;
			};
			name = Debug;
		};
		A10B53521E4C3DED00E5DCBE /* Release */ = {
			isa = XCBuildConfiguration;
			buildSettings = {
				ALWAYS_EMBED_SWIFT_STANDARD_LIBRARIES = YES;
				DEVELOPMENT_TEAM = MNZ5M7YPQV;
				INFOPLIST_FILE = BoxOptionsUITests/Info.plist;
				LD_RUNPATH_SEARCH_PATHS = "$(inherited) @executable_path/Frameworks @loader_path/Frameworks";
				PRODUCT_BUNDLE_IDENTIFIER = com.lykkex.BoxOptionsUITests;
				PRODUCT_NAME = "$(TARGET_NAME)";
				TEST_TARGET_NAME = BoxOptions;
			};
			name = Release;
		};
/* End XCBuildConfiguration section */

/* Begin XCConfigurationList section */
		A10B53181E4C3DED00E5DCBE /* Build configuration list for PBXProject "BoxOptions" */ = {
			isa = XCConfigurationList;
			buildConfigurations = (
				A10B53481E4C3DED00E5DCBE /* Debug */,
				A10B53491E4C3DED00E5DCBE /* Release */,
			);
			defaultConfigurationIsVisible = 0;
			defaultConfigurationName = Release;
		};
		A10B534A1E4C3DED00E5DCBE /* Build configuration list for PBXNativeTarget "BoxOptions" */ = {
			isa = XCConfigurationList;
			buildConfigurations = (
				A10B534B1E4C3DED00E5DCBE /* Debug */,
				A10B534C1E4C3DED00E5DCBE /* Release */,
			);
			defaultConfigurationIsVisible = 0;
			defaultConfigurationName = Release;
		};
		A10B534D1E4C3DED00E5DCBE /* Build configuration list for PBXNativeTarget "BoxOptionsTests" */ = {
			isa = XCConfigurationList;
			buildConfigurations = (
				A10B534E1E4C3DED00E5DCBE /* Debug */,
				A10B534F1E4C3DED00E5DCBE /* Release */,
			);
			defaultConfigurationIsVisible = 0;
			defaultConfigurationName = Release;
		};
		A10B53501E4C3DED00E5DCBE /* Build configuration list for PBXNativeTarget "BoxOptionsUITests" */ = {
			isa = XCConfigurationList;
			buildConfigurations = (
				A10B53511E4C3DED00E5DCBE /* Debug */,
				A10B53521E4C3DED00E5DCBE /* Release */,
			);
			defaultConfigurationIsVisible = 0;
			defaultConfigurationName = Release;
		};
/* End XCConfigurationList section */
	};
	rootObject = A10B53151E4C3DED00E5DCBE /* Project object */;
}
